github.com/tmaxmax/go-sse v0.10.0 h1:j9F93WB4Hxt8wUf6oGffMm4dutALvUPoDDxfuDQOSqA=
github.com/tmaxmax/go-sse v0.10.0/go.mod h1:u/2kZQR1tyngo1lKaNCj1mJmhXGZWS1Zs5yiSOD+Eg8=
golang.org/x/net v0.34.0 h1:Mb7Mrk043xzHgnRM88suvJFwzVrRfHEHJEl5/71CKw0=
golang.org/x/net v0.34.0/go.mod h1:di0qlW3YNM5oh6GqDGQr92MyTozJPmybPK4Ev/Gm31k=
golang.org/x/text v0.21.0 h1:zyQAAkrwaneQ066sspRyJaG9VNi/YJ1NfzcGB3hZ/qo=
golang.org/x/text v0.21.0/go.mod h1:4IBbMaMmOPCJ8SecivzSH54+73PCFmPWxNTLm+vZkEQ=
